
Microsoft Visual Studio Solution File, Format Version 12.00
# Visual Studio 15
VisualStudioVersion = 15.0.28010.2048
MinimumVisualStudioVersion = 10.0.40219.1
Project("{9A19103F-16F7-4668-BE54-9A1E7A4F7556}") = "UrbanSolution.Web", "UrbanSolution.Web\UrbanSolution.Web.csproj", "{9C6DD3DB-2C6E-439C-AEF4-F9020ABA871C}"
EndProject
Project("{9A19103F-16F7-4668-BE54-9A1E7A4F7556}") = "UrbanSolution.Models", "UrbanSolution.Models\UrbanSolution.Models.csproj", "{DDB680FD-8D09-4F7B-89C8-F4410F7662FD}"
EndProject
Project("{9A19103F-16F7-4668-BE54-9A1E7A4F7556}") = "UrbanSolution.Data", "UrbanSolution.Data\UrbanSolution.Data.csproj", "{2ED241AA-8C7D-4859-98B3-A551E7CA7B1D}"
EndProject
Project("{9A19103F-16F7-4668-BE54-9A1E7A4F7556}") = "UrbanSolution.Services", "UrbanSolution.Services\UrbanSolution.Services.csproj", "{3E025A6E-0C7A-42A9-B6DE-8CEBD4C18B4F}"
EndProject
Project("{9A19103F-16F7-4668-BE54-9A1E7A4F7556}") = "UrbanSolution.Services.Mapping", "UrbanSolution.Services.Mapping\UrbanSolution.Services.Mapping.csproj", "{60769B97-3720-43AA-B249-41649F94E79A}"
EndProject
Project("{2150E333-8FDC-42A3-9474-1A3956D46DE8}") = "Tests", "Tests", "{676B56C9-CD74-49AA-A451-BE02BD819F00}"
EndProject
Project("{9A19103F-16F7-4668-BE54-9A1E7A4F7556}") = "UrbanSolution.Services.Tests", "UrbanSolution.Services.Tests\UrbanSolution.Services.Tests.csproj", "{2F48271D-D5B0-41DA-89B3-96FCDFC1588F}"
EndProject
Global
	GlobalSection(SolutionConfigurationPlatforms) = preSolution
		Debug|Any CPU = Debug|Any CPU
		Release|Any CPU = Release|Any CPU
	EndGlobalSection
	GlobalSection(ProjectConfigurationPlatforms) = postSolution
		{9C6DD3DB-2C6E-439C-AEF4-F9020ABA871C}.Debug|Any CPU.ActiveCfg = Debug|Any CPU
		{9C6DD3DB-2C6E-439C-AEF4-F9020ABA871C}.Debug|Any CPU.Build.0 = Debug|Any CPU
		{9C6DD3DB-2C6E-439C-AEF4-F9020ABA871C}.Release|Any CPU.ActiveCfg = Release|Any CPU
		{9C6DD3DB-2C6E-439C-AEF4-F9020ABA871C}.Release|Any CPU.Build.0 = Release|Any CPU
		{DDB680FD-8D09-4F7B-89C8-F4410F7662FD}.Debug|Any CPU.ActiveCfg = Debug|Any CPU
		{DDB680FD-8D09-4F7B-89C8-F4410F7662FD}.Debug|Any CPU.Build.0 = Debug|Any CPU
		{DDB680FD-8D09-4F7B-89C8-F4410F7662FD}.Release|Any CPU.ActiveCfg = Release|Any CPU
		{DDB680FD-8D09-4F7B-89C8-F4410F7662FD}.Release|Any CPU.Build.0 = Release|Any CPU
		{2ED241AA-8C7D-4859-98B3-A551E7CA7B1D}.Debug|Any CPU.ActiveCfg = Debug|Any CPU
		{2ED241AA-8C7D-4859-98B3-A551E7CA7B1D}.Debug|Any CPU.Build.0 = Debug|Any CPU
		{2ED241AA-8C7D-4859-98B3-A551E7CA7B1D}.Release|Any CPU.ActiveCfg = Release|Any CPU
		{2ED241AA-8C7D-4859-98B3-A551E7CA7B1D}.Release|Any CPU.Build.0 = Release|Any CPU
		{3E025A6E-0C7A-42A9-B6DE-8CEBD4C18B4F}.Debug|Any CPU.ActiveCfg = Debug|Any CPU
		{3E025A6E-0C7A-42A9-B6DE-8CEBD4C18B4F}.Debug|Any CPU.Build.0 = Debug|Any CPU
		{3E025A6E-0C7A-42A9-B6DE-8CEBD4C18B4F}.Release|Any CPU.ActiveCfg = Release|Any CPU
		{3E025A6E-0C7A-42A9-B6DE-8CEBD4C18B4F}.Release|Any CPU.Build.0 = Release|Any CPU
		{60769B97-3720-43AA-B249-41649F94E79A}.Debug|Any CPU.ActiveCfg = Debug|Any CPU
		{60769B97-3720-43AA-B249-41649F94E79A}.Debug|Any CPU.Build.0 = Debug|Any CPU
		{60769B97-3720-43AA-B249-41649F94E79A}.Release|Any CPU.ActiveCfg = Release|Any CPU
		{60769B97-3720-43AA-B249-41649F94E79A}.Release|Any CPU.Build.0 = Release|Any CPU
		{2F48271D-D5B0-41DA-89B3-96FCDFC1588F}.Debug|Any CPU.ActiveCfg = Debug|Any CPU
		{2F48271D-D5B0-41DA-89B3-96FCDFC1588F}.Debug|Any CPU.Build.0 = Debug|Any CPU
		{2F48271D-D5B0-41DA-89B3-96FCDFC1588F}.Release|Any CPU.ActiveCfg = Release|Any CPU
		{2F48271D-D5B0-41DA-89B3-96FCDFC1588F}.Release|Any CPU.Build.0 = Release|Any CPU
	EndGlobalSection
	GlobalSection(SolutionProperties) = preSolution
		HideSolutionNode = FALSE
	EndGlobalSection
	GlobalSection(NestedProjects) = preSolution
		{2F48271D-D5B0-41DA-89B3-96FCDFC1588F} = {676B56C9-CD74-49AA-A451-BE02BD819F00}
	EndGlobalSection
	GlobalSection(ExtensibilityGlobals) = postSolution
		SolutionGuid = {C23CB925-1701-4310-82AB-370C5F8E4100}
	EndGlobalSection
EndGlobal
